
Microsoft Visual Studio Solution File, Format Version 12.00
# Visual Studio 15
VisualStudioVersion = 15.0.26403.0
MinimumVisualStudioVersion = 10.0.40219.1
Project("{FAE04EC0-301F-11D3-BF4B-00C04F79EFBC}") = "MidiMinuit", "MidiMinuit\MidiMinuit.csproj", "{CDB3AF40-2AB8-4D1F-AF13-9BEDC1E1BA97}"
EndProject
Project("{FAE04EC0-301F-11D3-BF4B-00C04F79EFBC}") = "MidiMinuit.Music", "MidiMinuit.Music\MidiMinuit.Music.csproj", "{371DF4D3-ED60-4ABE-8E2B-3B7A8629EEDA}"
EndProject
Project("{FAE04EC0-301F-11D3-BF4B-00C04F79EFBC}") = "MidiMinuit.Cli", "MidiMinuit.Cli\MidiMinuit.Cli.csproj", "{2EE66B9D-F8DE-4972-9DD6-98B001806DC0}"
EndProject
Project("{FAE04EC0-301F-11D3-BF4B-00C04F79EFBC}") = "IntervalCalculator", "IntervalCalculator\IntervalCalculator.csproj", "{F3E86FB1-CF2B-432F-A5C7-04FCD8096FC2}"
EndProject
Project("{FAE04EC0-301F-11D3-BF4B-00C04F79EFBC}") = "MidiMinuit.Music.Tests", "MidiMinuit.Music.Tests\MidiMinuit.Music.Tests.csproj", "{F0993E8D-C5C7-4DF6-A8D1-272A96DA0F16}"
EndProject
Global
	GlobalSection(SolutionConfigurationPlatforms) = preSolution
		Debug|Any CPU = Debug|Any CPU
		Debug|ARM = Debug|ARM
		Debug|x64 = Debug|x64
		Debug|x86 = Debug|x86
		Release|Any CPU = Release|Any CPU
		Release|ARM = Release|ARM
		Release|x64 = Release|x64
		Release|x86 = Release|x86
	EndGlobalSection
	GlobalSection(ProjectConfigurationPlatforms) = postSolution
		{CDB3AF40-2AB8-4D1F-AF13-9BEDC1E1BA97}.Debug|Any CPU.ActiveCfg = Debug|x86
		{CDB3AF40-2AB8-4D1F-AF13-9BEDC1E1BA97}.Debug|ARM.ActiveCfg = Debug|ARM
		{CDB3AF40-2AB8-4D1F-AF13-9BEDC1E1BA97}.Debug|ARM.Build.0 = Debug|ARM
		{CDB3AF40-2AB8-4D1F-AF13-9BEDC1E1BA97}.Debug|ARM.Deploy.0 = Debug|ARM
		{CDB3AF40-2AB8-4D1F-AF13-9BEDC1E1BA97}.Debug|x64.ActiveCfg = Debug|x64
		{CDB3AF40-2AB8-4D1F-AF13-9BEDC1E1BA97}.Debug|x64.Build.0 = Debug|x64
		{CDB3AF40-2AB8-4D1F-AF13-9BEDC1E1BA97}.Debug|x64.Deploy.0 = Debug|x64
		{CDB3AF40-2AB8-4D1F-AF13-9BEDC1E1BA97}.Debug|x86.ActiveCfg = Debug|x86
		{CDB3AF40-2AB8-4D1F-AF13-9BEDC1E1BA97}.Debug|x86.Build.0 = Debug|x86
		{CDB3AF40-2AB8-4D1F-AF13-9BEDC1E1BA97}.Debug|x86.Deploy.0 = Debug|x86
		{CDB3AF40-2AB8-4D1F-AF13-9BEDC1E1BA97}.Release|Any CPU.ActiveCfg = Release|x86
		{CDB3AF40-2AB8-4D1F-AF13-9BEDC1E1BA97}.Release|ARM.ActiveCfg = Release|ARM
		{CDB3AF40-2AB8-4D1F-AF13-9BEDC1E1BA97}.Release|ARM.Build.0 = Release|ARM
		{CDB3AF40-2AB8-4D1F-AF13-9BEDC1E1BA97}.Release|ARM.Deploy.0 = Release|ARM
		{CDB3AF40-2AB8-4D1F-AF13-9BEDC1E1BA97}.Release|x64.ActiveCfg = Release|x64
		{CDB3AF40-2AB8-4D1F-AF13-9BEDC1E1BA97}.Release|x64.Build.0 = Release|x64
		{CDB3AF40-2AB8-4D1F-AF13-9BEDC1E1BA97}.Release|x64.Deploy.0 = Release|x64
		{CDB3AF40-2AB8-4D1F-AF13-9BEDC1E1BA97}.Release|x86.ActiveCfg = Release|x86
		{CDB3AF40-2AB8-4D1F-AF13-9BEDC1E1BA97}.Release|x86.Build.0 = Release|x86
		{CDB3AF40-2AB8-4D1F-AF13-9BEDC1E1BA97}.Release|x86.Deploy.0 = Release|x86
		{371DF4D3-ED60-4ABE-8E2B-3B7A8629EEDA}.Debug|Any CPU.ActiveCfg = Debug|Any CPU
		{371DF4D3-ED60-4ABE-8E2B-3B7A8629EEDA}.Debug|Any CPU.Build.0 = Debug|Any CPU
		{371DF4D3-ED60-4ABE-8E2B-3B7A8629EEDA}.Debug|ARM.ActiveCfg = Debug|Any CPU
		{371DF4D3-ED60-4ABE-8E2B-3B7A8629EEDA}.Debug|ARM.Build.0 = Debug|Any CPU
		{371DF4D3-ED60-4ABE-8E2B-3B7A8629EEDA}.Debug|x64.ActiveCfg = Debug|Any CPU
		{371DF4D3-ED60-4ABE-8E2B-3B7A8629EEDA}.Debug|x64.Build.0 = Debug|Any CPU
		{371DF4D3-ED60-4ABE-8E2B-3B7A8629EEDA}.Debug|x86.ActiveCfg = Debug|Any CPU
		{371DF4D3-ED60-4ABE-8E2B-3B7A8629EEDA}.Debug|x86.Build.0 = Debug|Any CPU
		{371DF4D3-ED60-4ABE-8E2B-3B7A8629EEDA}.Release|Any CPU.ActiveCfg = Release|Any CPU
		{371DF4D3-ED60-4ABE-8E2B-3B7A8629EEDA}.Release|Any CPU.Build.0 = Release|Any CPU
		{371DF4D3-ED60-4ABE-8E2B-3B7A8629EEDA}.Release|ARM.ActiveCfg = Release|Any CPU
		{371DF4D3-ED60-4ABE-8E2B-3B7A8629EEDA}.Release|ARM.Build.0 = Release|Any CPU
		{371DF4D3-ED60-4ABE-8E2B-3B7A8629EEDA}.Release|x64.ActiveCfg = Release|Any CPU
		{371DF4D3-ED60-4ABE-8E2B-3B7A8629EEDA}.Release|x64.Build.0 = Release|Any CPU
		{371DF4D3-ED60-4ABE-8E2B-3B7A8629EEDA}.Release|x86.ActiveCfg = Release|Any CPU
		{371DF4D3-ED60-4ABE-8E2B-3B7A8629EEDA}.Release|x86.Build.0 = Release|Any CPU
		{2EE66B9D-F8DE-4972-9DD6-98B001806DC0}.Debug|Any CPU.ActiveCfg = Debug|Any CPU
		{2EE66B9D-F8DE-4972-9DD6-98B001806DC0}.Debug|Any CPU.Build.0 = Debug|Any CPU
		{2EE66B9D-F8DE-4972-9DD6-98B001806DC0}.Debug|ARM.ActiveCfg = Debug|Any CPU
		{2EE66B9D-F8DE-4972-9DD6-98B001806DC0}.Debug|ARM.Build.0 = Debug|Any CPU
		{2EE66B9D-F8DE-4972-9DD6-98B001806DC0}.Debug|x64.ActiveCfg = Debug|Any CPU
		{2EE66B9D-F8DE-4972-9DD6-98B001806DC0}.Debug|x64.Build.0 = Debug|Any CPU
		{2EE66B9D-F8DE-4972-9DD6-98B001806DC0}.Debug|x86.ActiveCfg = Debug|Any CPU
		{2EE66B9D-F8DE-4972-9DD6-98B001806DC0}.Debug|x86.Build.0 = Debug|Any CPU
		{2EE66B9D-F8DE-4972-9DD6-98B001806DC0}.Release|Any CPU.ActiveCfg = Release|Any CPU
		{2EE66B9D-F8DE-4972-9DD6-98B001806DC0}.Release|Any CPU.Build.0 = Release|Any CPU
		{2EE66B9D-F8DE-4972-9DD6-98B001806DC0}.Release|ARM.ActiveCfg = Release|Any CPU
		{2EE66B9D-F8DE-4972-9DD6-98B001806DC0}.Release|ARM.Build.0 = Release|Any CPU
		{2EE66B9D-F8DE-4972-9DD6-98B001806DC0}.Release|x64.ActiveCfg = Release|Any CPU
		{2EE66B9D-F8DE-4972-9DD6-98B001806DC0}.Release|x64.Build.0 = Release|Any CPU
		{2EE66B9D-F8DE-4972-9DD6-98B001806DC0}.Release|x86.ActiveCfg = Release|Any CPU
		{2EE66B9D-F8DE-4972-9DD6-98B001806DC0}.Release|x86.Build.0 = Release|Any CPU
		{F3E86FB1-CF2B-432F-A5C7-04FCD8096FC2}.Debug|Any CPU.ActiveCfg = Debug|x86
		{F3E86FB1-CF2B-432F-A5C7-04FCD8096FC2}.Debug|ARM.ActiveCfg = Debug|ARM
		{F3E86FB1-CF2B-432F-A5C7-04FCD8096FC2}.Debug|ARM.Build.0 = Debug|ARM
		{F3E86FB1-CF2B-432F-A5C7-04FCD8096FC2}.Debug|ARM.Deploy.0 = Debug|ARM
		{F3E86FB1-CF2B-432F-A5C7-04FCD8096FC2}.Debug|x64.ActiveCfg = Debug|x64
		{F3E86FB1-CF2B-432F-A5C7-04FCD8096FC2}.Debug|x64.Build.0 = Debug|x64
		{F3E86FB1-CF2B-432F-A5C7-04FCD8096FC2}.Debug|x64.Deploy.0 = Debug|x64
		{F3E86FB1-CF2B-432F-A5C7-04FCD8096FC2}.Debug|x86.ActiveCfg = Debug|x86
		{F3E86FB1-CF2B-432F-A5C7-04FCD8096FC2}.Debug|x86.Build.0 = Debug|x86
		{F3E86FB1-CF2B-432F-A5C7-04FCD8096FC2}.Debug|x86.Deploy.0 = Debug|x86
		{F3E86FB1-CF2B-432F-A5C7-04FCD8096FC2}.Release|Any CPU.ActiveCfg = Release|x86
		{F3E86FB1-CF2B-432F-A5C7-04FCD8096FC2}.Release|ARM.ActiveCfg = Release|ARM
		{F3E86FB1-CF2B-432F-A5C7-04FCD8096FC2}.Release|ARM.Build.0 = Release|ARM
		{F3E86FB1-CF2B-432F-A5C7-04FCD8096FC2}.Release|ARM.Deploy.0 = Release|ARM
		{F3E86FB1-CF2B-432F-A5C7-04FCD8096FC2}.Release|x64.ActiveCfg = Release|x64
		{F3E86FB1-CF2B-432F-A5C7-04FCD8096FC2}.Release|x64.Build.0 = Release|x64
		{F3E86FB1-CF2B-432F-A5C7-04FCD8096FC2}.Release|x64.Deploy.0 = Release|x64
		{F3E86FB1-CF2B-432F-A5C7-04FCD8096FC2}.Release|x86.ActiveCfg = Release|x86
		{F3E86FB1-CF2B-432F-A5C7-04FCD8096FC2}.Release|x86.Build.0 = Release|x86
		{F3E86FB1-CF2B-432F-A5C7-04FCD8096FC2}.Release|x86.Deploy.0 = Release|x86
		{F0993E8D-C5C7-4DF6-A8D1-272A96DA0F16}.Debug|Any CPU.ActiveCfg = Debug|Any CPU
		{F0993E8D-C5C7-4DF6-A8D1-272A96DA0F16}.Debug|Any CPU.Build.0 = Debug|Any CPU
		{F0993E8D-C5C7-4DF6-A8D1-272A96DA0F16}.Debug|ARM.ActiveCfg = Debug|Any CPU
		{F0993E8D-C5C7-4DF6-A8D1-272A96DA0F16}.Debug|ARM.Build.0 = Debug|Any CPU
		{F0993E8D-C5C7-4DF6-A8D1-272A96DA0F16}.Debug|x64.ActiveCfg = Debug|Any CPU
		{F0993E8D-C5C7-4DF6-A8D1-272A96DA0F16}.Debug|x64.Build.0 = Debug|Any CPU
		{F0993E8D-C5C7-4DF6-A8D1-272A96DA0F16}.Debug|x86.ActiveCfg = Debug|Any CPU
		{F0993E8D-C5C7-4DF6-A8D1-272A96DA0F16}.Debug|x86.Build.0 = Debug|Any CPU
		{F0993E8D-C5C7-4DF6-A8D1-272A96DA0F16}.Release|Any CPU.ActiveCfg = Release|Any CPU
		{F0993E8D-C5C7-4DF6-A8D1-272A96DA0F16}.Release|Any CPU.Build.0 = Release|Any CPU
		{F0993E8D-C5C7-4DF6-A8D1-272A96DA0F16}.Release|ARM.ActiveCfg = Release|Any CPU
		{F0993E8D-C5C7-4DF6-A8D1-272A96DA0F16}.Release|ARM.Build.0 = Release|Any CPU
		{F0993E8D-C5C7-4DF6-A8D1-272A96DA0F16}.Release|x64.ActiveCfg = Release|Any CPU
		{F0993E8D-C5C7-4DF6-A8D1-272A96DA0F16}.Release|x64.Build.0 = Release|Any CPU
		{F0993E8D-C5C7-4DF6-A8D1-272A96DA0F16}.Release|x86.ActiveCfg = Release|Any CPU
		{F0993E8D-C5C7-4DF6-A8D1-272A96DA0F16}.Release|x86.Build.0 = Release|Any CPU
	EndGlobalSection
	GlobalSection(SolutionProperties) = preSolution
		HideSolutionNode = FALSE
	EndGlobalSection
EndGlobal
